
Microsoft Visual Studio Solution File, Format Version 12.00
# Visual Studio Version 17
VisualStudioVersion = 17.0.31903.59
MinimumVisualStudioVersion = 10.0.40219.1
Project("{2150E333-8FDC-42A3-9474-1A3956D46DE8}") = "src", "src", "{A98E282B-3323-452D-AB43-6D5A4346924D}"
EndProject
Project("{9A19103F-16F7-4668-BE54-9A1E7A4F7556}") = "Store.ApplicationCore", "src\Store.ApplicationCore\Store.ApplicationCore.csproj", "{3E24F057-882F-4ECC-894D-F24F8749DBC7}"
EndProject
Project("{9A19103F-16F7-4668-BE54-9A1E7A4F7556}") = "Store.Infrastructure", "src\Store.Infrastructure\Store.Infrastructure.csproj", "{2B6FB313-238E-4447-9E16-3C5F5213FAD4}"
EndProject
Project("{9A19103F-16F7-4668-BE54-9A1E7A4F7556}") = "Store.WebApi", "src\Store.WebApi\Store.WebApi.csproj", "{FA30AF1B-7F01-4B93-83B6-D55852259B52}"
EndProject
Project("{2150E333-8FDC-42A3-9474-1A3956D46DE8}") = "tests", "tests", "{A6E8ECBB-EE1B-4FD8-B53A-877A64A02EBD}"
EndProject
Project("{9A19103F-16F7-4668-BE54-9A1E7A4F7556}") = "Store.UnitTests", "tests\Store.UnitTests\Store.UnitTests.csproj", "{F6FA0C39-7C4F-4511-90D5-507D23D90044}"
EndProject
Project("{9A19103F-16F7-4668-BE54-9A1E7A4F7556}") = "Store.IntegrationTests", "tests\Store.IntegrationTests\Store.IntegrationTests.csproj", "{DA1BC996-BAB4-4FD9-A94A-E38B6181E17A}"
EndProject
Project("{9A19103F-16F7-4668-BE54-9A1E7A4F7556}") = "Store.SharedDatabaseSetup", "tests\Store.SharedDatabaseSetup\Store.SharedDatabaseSetup.csproj", "{3C31AD80-0F8C-4C04-B7B3-48CE53D7E508}"
EndProject
Project("{9A19103F-16F7-4668-BE54-9A1E7A4F7556}") = "Store.FunctionalTests", "tests\Store.FunctionalTests\Store.FunctionalTests.csproj", "{959082E4-8E59-40AC-B4B1-D2BC22235DEB}"
EndProject
Global
	GlobalSection(SolutionConfigurationPlatforms) = preSolution
		Debug|Any CPU = Debug|Any CPU
		Release|Any CPU = Release|Any CPU
	EndGlobalSection
	GlobalSection(ProjectConfigurationPlatforms) = postSolution
		{3E24F057-882F-4ECC-894D-F24F8749DBC7}.Debug|Any CPU.ActiveCfg = Debug|Any CPU
		{3E24F057-882F-4ECC-894D-F24F8749DBC7}.Debug|Any CPU.Build.0 = Debug|Any CPU
		{3E24F057-882F-4ECC-894D-F24F8749DBC7}.Release|Any CPU.ActiveCfg = Release|Any CPU
		{3E24F057-882F-4ECC-894D-F24F8749DBC7}.Release|Any CPU.Build.0 = Release|Any CPU
		{2B6FB313-238E-4447-9E16-3C5F5213FAD4}.Debug|Any CPU.ActiveCfg = Debug|Any CPU
		{2B6FB313-238E-4447-9E16-3C5F5213FAD4}.Debug|Any CPU.Build.0 = Debug|Any CPU
		{2B6FB313-238E-4447-9E16-3C5F5213FAD4}.Release|Any CPU.ActiveCfg = Release|Any CPU
		{2B6FB313-238E-4447-9E16-3C5F5213FAD4}.Release|Any CPU.Build.0 = Release|Any CPU
		{FA30AF1B-7F01-4B93-83B6-D55852259B52}.Debug|Any CPU.ActiveCfg = Debug|Any CPU
		{FA30AF1B-7F01-4B93-83B6-D55852259B52}.Debug|Any CPU.Build.0 = Debug|Any CPU
		{FA30AF1B-7F01-4B93-83B6-D55852259B52}.Release|Any CPU.ActiveCfg = Release|Any CPU
		{FA30AF1B-7F01-4B93-83B6-D55852259B52}.Release|Any CPU.Build.0 = Release|Any CPU
		{F6FA0C39-7C4F-4511-90D5-507D23D90044}.Debug|Any CPU.ActiveCfg = Debug|Any CPU
		{F6FA0C39-7C4F-4511-90D5-507D23D90044}.Debug|Any CPU.Build.0 = Debug|Any CPU
		{F6FA0C39-7C4F-4511-90D5-507D23D90044}.Release|Any CPU.ActiveCfg = Release|Any CPU
		{F6FA0C39-7C4F-4511-90D5-507D23D90044}.Release|Any CPU.Build.0 = Release|Any CPU
		{DA1BC996-BAB4-4FD9-A94A-E38B6181E17A}.Debug|Any CPU.ActiveCfg = Debug|Any CPU
		{DA1BC996-BAB4-4FD9-A94A-E38B6181E17A}.Debug|Any CPU.Build.0 = Debug|Any CPU
		{DA1BC996-BAB4-4FD9-A94A-E38B6181E17A}.Release|Any CPU.ActiveCfg = Release|Any CPU
		{DA1BC996-BAB4-4FD9-A94A-E38B6181E17A}.Release|Any CPU.Build.0 = Release|Any CPU
		{3C31AD80-0F8C-4C04-B7B3-48CE53D7E508}.Debug|Any CPU.ActiveCfg = Debug|Any CPU
		{3C31AD80-0F8C-4C04-B7B3-48CE53D7E508}.Debug|Any CPU.Build.0 = Debug|Any CPU
		{3C31AD80-0F8C-4C04-B7B3-48CE53D7E508}.Release|Any CPU.ActiveCfg = Release|Any CPU
		{3C31AD80-0F8C-4C04-B7B3-48CE53D7E508}.Release|Any CPU.Build.0 = Release|Any CPU
		{959082E4-8E59-40AC-B4B1-D2BC22235DEB}.Debug|Any CPU.ActiveCfg = Debug|Any CPU
		{959082E4-8E59-40AC-B4B1-D2BC22235DEB}.Debug|Any CPU.Build.0 = Debug|Any CPU
		{959082E4-8E59-40AC-B4B1-D2BC22235DEB}.Release|Any CPU.ActiveCfg = Release|Any CPU
		{959082E4-8E59-40AC-B4B1-D2BC22235DEB}.Release|Any CPU.Build.0 = Release|Any CPU
	EndGlobalSection
	GlobalSection(SolutionProperties) = preSolution
		HideSolutionNode = FALSE
	EndGlobalSection
	GlobalSection(NestedProjects) = preSolution
		{3E24F057-882F-4ECC-894D-F24F8749DBC7} = {A98E282B-3323-452D-AB43-6D5A4346924D}
		{2B6FB313-238E-4447-9E16-3C5F5213FAD4} = {A98E282B-3323-452D-AB43-6D5A4346924D}
		{FA30AF1B-7F01-4B93-83B6-D55852259B52} = {A98E282B-3323-452D-AB43-6D5A4346924D}
		{F6FA0C39-7C4F-4511-90D5-507D23D90044} = {A6E8ECBB-EE1B-4FD8-B53A-877A64A02EBD}
		{DA1BC996-BAB4-4FD9-A94A-E38B6181E17A} = {A6E8ECBB-EE1B-4FD8-B53A-877A64A02EBD}
		{3C31AD80-0F8C-4C04-B7B3-48CE53D7E508} = {A6E8ECBB-EE1B-4FD8-B53A-877A64A02EBD}
		{959082E4-8E59-40AC-B4B1-D2BC22235DEB} = {A6E8ECBB-EE1B-4FD8-B53A-877A64A02EBD}
	EndGlobalSection
	GlobalSection(ExtensibilityGlobals) = postSolution
		SolutionGuid = {A6F246E7-577E-42ED-9C0E-8418EDD64F77}
	EndGlobalSection
EndGlobal
